Microsoft Visual Studio Solution File, Format Version 11.00
# Visual Studio 2008

Project("{607B3ABA-D58F-9767-A6BD-99EF41913773}") = "Bongo-Unity", "Assembly-CSharp-firstpass-vs.csproj", "{FBD88A9B-51FE-12E9-89C1-2BEA11C9351A}"
EndProject
Project("{607B3ABA-D58F-9767-A6BD-99EF41913773}") = "Bongo-Unity", "Assembly-CSharp-vs.csproj", "{F6B32B2A-48ED-B51E-DD8F-AC69FCB7B157}"
EndProject
Global
	GlobalSection(SolutionConfigurationPlatforms) = preSolution
		Debug|Any CPU = Debug|Any CPU
		Release|Any CPU = Release|Any CPU
	EndGlobalSection
	GlobalSection(ProjectConfigurationPlatforms) = postSolution
		{FBD88A9B-51FE-12E9-89C1-2BEA11C9351A}.Debug|Any CPU.ActiveCfg = Debug|Any CPU
		{FBD88A9B-51FE-12E9-89C1-2BEA11C9351A}.Debug|Any CPU.Build.0 = Debug|Any CPU
		{FBD88A9B-51FE-12E9-89C1-2BEA11C9351A}.Release|Any CPU.ActiveCfg = Release|Any CPU
		{FBD88A9B-51FE-12E9-89C1-2BEA11C9351A}.Release|Any CPU.Build.0 = Release|Any CPU
		{F6B32B2A-48ED-B51E-DD8F-AC69FCB7B157}.Debug|Any CPU.ActiveCfg = Debug|Any CPU
		{F6B32B2A-48ED-B51E-DD8F-AC69FCB7B157}.Debug|Any CPU.Build.0 = Debug|Any CPU
		{F6B32B2A-48ED-B51E-DD8F-AC69FCB7B157}.Release|Any CPU.ActiveCfg = Release|Any CPU
		{F6B32B2A-48ED-B51E-DD8F-AC69FCB7B157}.Release|Any CPU.Build.0 = Release|Any CPU
	EndGlobalSection
	GlobalSection(SolutionProperties) = preSolution
		HideSolutionNode = FALSE
	EndGlobalSection
																																																																																																																																																																																																																																																								GlobalSection(MonoDevelopProperties) = preSolution
		StartupItem = Assembly-CSharp.csproj
		Policies = $0
		$0.TextStylePolicy = $1
		$1.inheritsSet = null
		$1.scope = text/x-csharp
		$0.CSharpFormattingPolicy = $2
		$2.inheritsSet = Mono
		$2.inheritsScope = text/x-csharp
		$2.scope = text/x-csharp
		$0.TextStylePolicy = $3
		$3.FileWidth = 120
		$3.TabWidth = 4
		$3.EolMarker = Unix
		$3.inheritsSet = Mono
		$3.inheritsScope = text/plain
		$3.scope = text/plain
		$0.DotNetNamingPolicy = $4
		$4.DirectoryNamespaceAssociation = None
		$4.ResourceNamePolicy = FileFormatDefault
		$0.TextStylePolicy = $5
		$5.inheritsSet = null
		$5.scope = application/javascript
		$0.VersionControlPolicy = $6
		$6.inheritsSet = Mono
	EndGlobalSection

EndGlobal
